
Microsoft Visual Studio Solution File, Format Version 12.00
# Visual Studio Version 16
VisualStudioVersion = 16.0.29728.190
MinimumVisualStudioVersion = 10.0.40219.1
Project("{FAE04EC0-301F-11D3-BF4B-00C04F79EFBC}") = "MapEditor", "Map Editor\MapEditor.csproj", "{00521B68-4360-4002-BA91-968373FCD727}"
EndProject
Global
	GlobalSection(SolutionConfigurationPlatforms) = preSolution
		Debug|Any CPU = Debug|Any CPU
		Release|Any CPU = Release|Any CPU
	EndGlobalSection
	GlobalSection(ProjectConfigurationPlatforms) = postSolution
		{00521B68-4360-4002-BA91-968373FCD727}.Debug|Any CPU.ActiveCfg = Debug|Any CPU
		{00521B68-4360-4002-BA91-968373FCD727}.Debug|Any CPU.Build.0 = Debug|Any CPU
		{00521B68-4360-4002-BA91-968373FCD727}.Release|Any CPU.ActiveCfg = Release|Any CPU
		{00521B68-4360-4002-BA91-968373FCD727}.Release|Any CPU.Build.0 = Release|Any CPU
	EndGlobalSection
	GlobalSection(SolutionProperties) = preSolution
		HideSolutionNode = FALSE
	EndGlobalSection
	GlobalSection(ExtensibilityGlobals) = postSolution
		SolutionGuid = {FED4E876-0E02-4673-B644-FB0BED219397}
	EndGlobalSection
EndGlobal
